
Microsoft Visual Studio Solution File, Format Version 12.00
# Visual Studio Version 16
VisualStudioVersion = 16.0.31702.278
MinimumVisualStudioVersion = 10.0.40219.1
Project("{9A19103F-16F7-4668-BE54-9A1E7A4F7556}") = "SolveMeFirst", "SolveMeFirst\SolveMeFirst.csproj", "{746771A9-A528-4887-A6BF-7FE21DEC9ADD}"
EndProject
Project("{9A19103F-16F7-4668-BE54-9A1E7A4F7556}") = "SimpleArraySum", "SimpleArraySum\SimpleArraySum.csproj", "{029C1714-FB08-4F03-A204-50084F8B03A2}"
EndProject
Project("{9A19103F-16F7-4668-BE54-9A1E7A4F7556}") = "AVeryBigSum", "AVeryBigSum\AVeryBigSum.csproj", "{1E24E792-55A9-4161-8DAD-496B0D53011C}"
EndProject
Project("{9A19103F-16F7-4668-BE54-9A1E7A4F7556}") = "TimeConversion", "TimeConversion\TimeConversion.csproj", "{59546641-AF96-4B30-B94A-25DD479DB99E}"
EndProject
Project("{FAE04EC0-301F-11D3-BF4B-00C04F79EFBC}") = "DiagonalDifference", "DiagonalDifference\DiagonalDifference.csproj", "{5F5F72D8-371D-49D4-BAE3-45A6C563961A}"
EndProject
Global
	GlobalSection(SolutionConfigurationPlatforms) = preSolution
		Debug|Any CPU = Debug|Any CPU
		Release|Any CPU = Release|Any CPU
	EndGlobalSection
	GlobalSection(ProjectConfigurationPlatforms) = postSolution
		{746771A9-A528-4887-A6BF-7FE21DEC9ADD}.Debug|Any CPU.ActiveCfg = Debug|Any CPU
		{746771A9-A528-4887-A6BF-7FE21DEC9ADD}.Debug|Any CPU.Build.0 = Debug|Any CPU
		{746771A9-A528-4887-A6BF-7FE21DEC9ADD}.Release|Any CPU.ActiveCfg = Release|Any CPU
		{746771A9-A528-4887-A6BF-7FE21DEC9ADD}.Release|Any CPU.Build.0 = Release|Any CPU
		{029C1714-FB08-4F03-A204-50084F8B03A2}.Debug|Any CPU.ActiveCfg = Debug|Any CPU
		{029C1714-FB08-4F03-A204-50084F8B03A2}.Debug|Any CPU.Build.0 = Debug|Any CPU
		{029C1714-FB08-4F03-A204-50084F8B03A2}.Release|Any CPU.ActiveCfg = Release|Any CPU
		{029C1714-FB08-4F03-A204-50084F8B03A2}.Release|Any CPU.Build.0 = Release|Any CPU
		{1E24E792-55A9-4161-8DAD-496B0D53011C}.Debug|Any CPU.ActiveCfg = Debug|Any CPU
		{1E24E792-55A9-4161-8DAD-496B0D53011C}.Debug|Any CPU.Build.0 = Debug|Any CPU
		{1E24E792-55A9-4161-8DAD-496B0D53011C}.Release|Any CPU.ActiveCfg = Release|Any CPU
		{1E24E792-55A9-4161-8DAD-496B0D53011C}.Release|Any CPU.Build.0 = Release|Any CPU
		{59546641-AF96-4B30-B94A-25DD479DB99E}.Debug|Any CPU.ActiveCfg = Debug|Any CPU
		{59546641-AF96-4B30-B94A-25DD479DB99E}.Debug|Any CPU.Build.0 = Debug|Any CPU
		{59546641-AF96-4B30-B94A-25DD479DB99E}.Release|Any CPU.ActiveCfg = Release|Any CPU
		{59546641-AF96-4B30-B94A-25DD479DB99E}.Release|Any CPU.Build.0 = Release|Any CPU
		{5F5F72D8-371D-49D4-BAE3-45A6C563961A}.Debug|Any CPU.ActiveCfg = Debug|Any CPU
		{5F5F72D8-371D-49D4-BAE3-45A6C563961A}.Debug|Any CPU.Build.0 = Debug|Any CPU
		{5F5F72D8-371D-49D4-BAE3-45A6C563961A}.Release|Any CPU.ActiveCfg = Release|Any CPU
		{5F5F72D8-371D-49D4-BAE3-45A6C563961A}.Release|Any CPU.Build.0 = Release|Any CPU
	EndGlobalSection
	GlobalSection(SolutionProperties) = preSolution
		HideSolutionNode = FALSE
	EndGlobalSection
	GlobalSection(ExtensibilityGlobals) = postSolution
		SolutionGuid = {40F2F245-B0EC-487F-A75A-A1185ACEF111}
	EndGlobalSection
EndGlobal
